
Microsoft Visual Studio Solution File, Format Version 12.00
# Visual Studio 15
VisualStudioVersion = 15.0.27130.2024
MinimumVisualStudioVersion = 10.0.40219.1
Project("{FAE04EC0-301F-11D3-BF4B-00C04F79EFBC}") = "MyLittleProjectManager", "MyLittleProjectManager\MyLittleProjectManager.csproj", "{68AC9F59-E707-46FC-AEF3-154BA42002EC}"
EndProject
Global
	GlobalSection(SolutionConfigurationPlatforms) = preSolution
		Debug|Any CPU = Debug|Any CPU
		Release|Any CPU = Release|Any CPU
	EndGlobalSection
	GlobalSection(ProjectConfigurationPlatforms) = postSolution
		{68AC9F59-E707-46FC-AEF3-154BA42002EC}.Debug|Any CPU.ActiveCfg = Debug|Any CPU
		{68AC9F59-E707-46FC-AEF3-154BA42002EC}.Debug|Any CPU.Build.0 = Debug|Any CPU
		{68AC9F59-E707-46FC-AEF3-154BA42002EC}.Release|Any CPU.ActiveCfg = Release|Any CPU
		{68AC9F59-E707-46FC-AEF3-154BA42002EC}.Release|Any CPU.Build.0 = Release|Any CPU
	EndGlobalSection
	GlobalSection(SolutionProperties) = preSolution
		HideSolutionNode = FALSE
	EndGlobalSection
	GlobalSection(ExtensibilityGlobals) = postSolution
		SolutionGuid = {90C541F2-9937-4B3C-AE31-FF59273EF075}
	EndGlobalSection
EndGlobal
